
Microsoft Visual Studio Solution File, Format Version 12.00
# Visual Studio Version 17
VisualStudioVersion = 17.13.35919.96 d17.13
MinimumVisualStudioVersion = 10.0.40219.1
Project("{FAE04EC0-301F-11D3-BF4B-00C04F79EFBC}") = "TShirtOrderingApp", "TShirtOrderingApp\TShirtOrderingApp.csproj", "{0CB57558-1988-4E50-BCC3-DE99ED36EBAE}"
EndProject
Global
	GlobalSection(SolutionConfigurationPlatforms) = preSolution
		Debug|Any CPU = Debug|Any CPU
		Release|Any CPU = Release|Any CPU
	EndGlobalSection
	GlobalSection(ProjectConfigurationPlatforms) = postSolution
		{0CB57558-1988-4E50-BCC3-DE99ED36EBAE}.Debug|Any CPU.ActiveCfg = Debug|Any CPU
		{0CB57558-1988-4E50-BCC3-DE99ED36EBAE}.Debug|Any CPU.Build.0 = Debug|Any CPU
		{0CB57558-1988-4E50-BCC3-DE99ED36EBAE}.Release|Any CPU.ActiveCfg = Release|Any CPU
		{0CB57558-1988-4E50-BCC3-DE99ED36EBAE}.Release|Any CPU.Build.0 = Release|Any CPU
	EndGlobalSection
	GlobalSection(SolutionProperties) = preSolution
		HideSolutionNode = FALSE
	EndGlobalSection
	GlobalSection(ExtensibilityGlobals) = postSolution
		SolutionGuid = {E9C7A1A7-E269-43F3-96B1-C44BBFBF985A}
	EndGlobalSection
EndGlobal
