
Microsoft Visual Studio Solution File, Format Version 12.00
# Visual Studio Version 17
VisualStudioVersion = 17.13.35919.96 d17.13
MinimumVisualStudioVersion = 10.0.40219.1
Project("{FAE04EC0-301F-11D3-BF4B-00C04F79EFBC}") = "PalindromeCheckApp", "PalindromeCheckApp\PalindromeCheckApp.csproj", "{FF148458-E351-4A68-ACC3-6D6A387549EF}"
EndProject
Global
	GlobalSection(SolutionConfigurationPlatforms) = preSolution
		Debug|Any CPU = Debug|Any CPU
		Release|Any CPU = Release|Any CPU
	EndGlobalSection
	GlobalSection(ProjectConfigurationPlatforms) = postSolution
		{FF148458-E351-4A68-ACC3-6D6A387549EF}.Debug|Any CPU.ActiveCfg = Debug|Any CPU
		{FF148458-E351-4A68-ACC3-6D6A387549EF}.Debug|Any CPU.Build.0 = Debug|Any CPU
		{FF148458-E351-4A68-ACC3-6D6A387549EF}.Release|Any CPU.ActiveCfg = Release|Any CPU
		{FF148458-E351-4A68-ACC3-6D6A387549EF}.Release|Any CPU.Build.0 = Release|Any CPU
	EndGlobalSection
	GlobalSection(SolutionProperties) = preSolution
		HideSolutionNode = FALSE
	EndGlobalSection
	GlobalSection(ExtensibilityGlobals) = postSolution
		SolutionGuid = {A2F513E8-457E-440A-A1B1-5CC604ED6036}
	EndGlobalSection
EndGlobal
